// !$*UTF8*$!
{
	archiveVersion = 1;
	classes = {
	};
	objectVersion = 55;
	objects = {

/* Begin PBXBuildFile section */
		8B52B87729AA777900CCEEE1 /* Audio_ShootoutApp.swift in Sources */ = {isa = PBXBuildFile; fileRef = 8B52B87629AA777900CCEEE1 /* Audio_ShootoutApp.swift */; };
		8B52B87929AA777900CCEEE1 /* ContentView.swift in Sources */ = {isa = PBXBuildFile; fileRef = 8B52B87829AA777900CCEEE1 /* ContentView.swift */; };
		8B52B87B29AA777B00CCEEE1 /* Assets.xcassets in Resources */ = {isa = PBXBuildFile; fileRef = 8B52B87A29AA777B00CCEEE1 /* Assets.xcassets */; };
		8B52B87E29AA777B00CCEEE1 /* Preview Assets.xcassets in Resources */ = {isa = PBXBuildFile; fileRef = 8B52B87D29AA777B00CCEEE1 /* Preview Assets.xcassets */; };
		8B52B88629AA7C1B00CCEEE1 /* UploadView.swift in Sources */ = {isa = PBXBuildFile; fileRef = 8B52B88529AA7C1B00CCEEE1 /* UploadView.swift */; };
		8B52B88829AA7E0700CCEEE1 /* TracklistView.swift in Sources */ = {isa = PBXBuildFile; fileRef = 8B52B88729AA7E0700CCEEE1 /* TracklistView.swift */; };
		8B52B88A29AA7E1400CCEEE1 /* WaveformView.swift in Sources */ = {isa = PBXBuildFile; fileRef = 8B52B88929AA7E1400CCEEE1 /* WaveformView.swift */; };
		8B52B88C29AA7E2200CCEEE1 /* ManagerView.swift in Sources */ = {isa = PBXBuildFile; fileRef = 8B52B88B29AA7E2100CCEEE1 /* ManagerView.swift */; };
		8B52B89029AA89F500CCEEE1 /* FileImporter.swift in Sources */ = {isa = PBXBuildFile; fileRef = 8B52B88F29AA89F500CCEEE1 /* FileImporter.swift */; };
		8B52B89229AAA12F00CCEEE1 /* FileManager.swift in Sources */ = {isa = PBXBuildFile; fileRef = 8B52B89129AAA12F00CCEEE1 /* FileManager.swift */; };
		8B52B89429AAB9BA00CCEEE1 /* AudioFile.swift in Sources */ = {isa = PBXBuildFile; fileRef = 8B52B89329AAB9BA00CCEEE1 /* AudioFile.swift */; };
/* End PBXBuildFile section */

/* Begin PBXFileReference section */
		8B52B87329AA777900CCEEE1 /* Audio Shootout.app */ = {isa = PBXFileReference; explicitFileType = wrapper.application; includeInIndex = 0; path = "Audio Shootout.app"; sourceTree = BUILT_PRODUCTS_DIR; };
		8B52B87629AA777900CCEEE1 /* Audio_ShootoutApp.swift */ = {isa = PBXFileReference; lastKnownFileType = sourcecode.swift; path = Audio_ShootoutApp.swift; sourceTree = "<group>"; };
		8B52B87829AA777900CCEEE1 /* ContentView.swift */ = {isa = PBXFileReference; lastKnownFileType = sourcecode.swift; path = ContentView.swift; sourceTree = "<group>"; };
		8B52B87A29AA777B00CCEEE1 /* Assets.xcassets */ = {isa = PBXFileReference; lastKnownFileType = folder.assetcatalog; path = Assets.xcassets; sourceTree = "<group>"; };
		8B52B87D29AA777B00CCEEE1 /* Preview Assets.xcassets */ = {isa = PBXFileReference; lastKnownFileType = folder.assetcatalog; path = "Preview Assets.xcassets"; sourceTree = "<group>"; };
		8B52B87F29AA777B00CCEEE1 /* Audio_Shootout.entitlements */ = {isa = PBXFileReference; lastKnownFileType = text.plist.entitlements; path = Audio_Shootout.entitlements; sourceTree = "<group>"; };
		8B52B88529AA7C1B00CCEEE1 /* UploadView.swift */ = {isa = PBXFileReference; lastKnownFileType = sourcecode.swift; path = UploadView.swift; sourceTree = "<group>"; };
		8B52B88729AA7E0700CCEEE1 /* TracklistView.swift */ = {isa = PBXFileReference; lastKnownFileType = sourcecode.swift; path = TracklistView.swift; sourceTree = "<group>"; };
		8B52B88929AA7E1400CCEEE1 /* WaveformView.swift */ = {isa = PBXFileReference; lastKnownFileType = sourcecode.swift; path = WaveformView.swift; sourceTree = "<group>"; };
		8B52B88B29AA7E2100CCEEE1 /* ManagerView.swift */ = {isa = PBXFileReference; lastKnownFileType = sourcecode.swift; path = ManagerView.swift; sourceTree = "<group>"; };
		8B52B88F29AA89F500CCEEE1 /* FileImporter.swift */ = {isa = PBXFileReference; lastKnownFileType = sourcecode.swift; path = FileImporter.swift; sourceTree = "<group>"; };
		8B52B89129AAA12F00CCEEE1 /* FileManager.swift */ = {isa = PBXFileReference; lastKnownFileType = sourcecode.swift; path = FileManager.swift; sourceTree = "<group>"; };
		8B52B89329AAB9BA00CCEEE1 /* AudioFile.swift */ = {isa = PBXFileReference; lastKnownFileType = sourcecode.swift; path = AudioFile.swift; sourceTree = "<group>"; };
/* End PBXFileReference section */

/* Begin PBXFrameworksBuildPhase section */
		8B52B87029AA777900CCEEE1 /* Frameworks */ = {
			isa = PBXFrameworksBuildPhase;
			buildActionMask = 2147483647;
			files = (
			);
			runOnlyForDeploymentPostprocessing = 0;
		};
/* End PBXFrameworksBuildPhase section */

/* Begin PBXGroup section */
		8B52B86A29AA777900CCEEE1 = {
			isa = PBXGroup;
			children = (
				8B52B88D29AA89B400CCEEE1 /* Views */,
				8B52B88E29AA89D400CCEEE1 /* Helpers */,
				8B52B87529AA777900CCEEE1 /* Audio Shootout */,
				8B52B87429AA777900CCEEE1 /* Products */,
			);
			sourceTree = "<group>";
		};
		8B52B87429AA777900CCEEE1 /* Products */ = {
			isa = PBXGroup;
			children = (
				8B52B87329AA777900CCEEE1 /* Audio Shootout.app */,
			);
			name = Products;
			sourceTree = "<group>";
		};
		8B52B87529AA777900CCEEE1 /* Audio Shootout */ = {
			isa = PBXGroup;
			children = (
				8B52B87629AA777900CCEEE1 /* Audio_ShootoutApp.swift */,
				8B52B87A29AA777B00CCEEE1 /* Assets.xcassets */,
				8B52B87F29AA777B00CCEEE1 /* Audio_Shootout.entitlements */,
				8B52B87C29AA777B00CCEEE1 /* Preview Content */,
			);
			path = "Audio Shootout";
			sourceTree = "<group>";
		};
		8B52B87C29AA777B00CCEEE1 /* Preview Content */ = {
			isa = PBXGroup;
			children = (
				8B52B87D29AA777B00CCEEE1 /* Preview Assets.xcassets */,
			);
			path = "Preview Content";
			sourceTree = "<group>";
		};
		8B52B88D29AA89B400CCEEE1 /* Views */ = {
			isa = PBXGroup;
			children = (
				8B52B88529AA7C1B00CCEEE1 /* UploadView.swift */,
				8B52B87829AA777900CCEEE1 /* ContentView.swift */,
				8B52B88B29AA7E2100CCEEE1 /* ManagerView.swift */,
				8B52B88929AA7E1400CCEEE1 /* WaveformView.swift */,
				8B52B88729AA7E0700CCEEE1 /* TracklistView.swift */,
			);
			path = Views;
			sourceTree = "<group>";
		};
		8B52B88E29AA89D400CCEEE1 /* Helpers */ = {
			isa = PBXGroup;
			children = (
				8B52B88F29AA89F500CCEEE1 /* FileImporter.swift */,
				8B52B89129AAA12F00CCEEE1 /* FileManager.swift */,
				8B52B89329AAB9BA00CCEEE1 /* AudioFile.swift */,
			);
			path = Helpers;
			sourceTree = "<group>";
		};
/* End PBXGroup section */

/* Begin PBXNativeTarget section */
		8B52B87229AA777900CCEEE1 /* Audio Shootout */ = {
			isa = PBXNativeTarget;
			buildConfigurationList = 8B52B88229AA777B00CCEEE1 /* Build configuration list for PBXNativeTarget "Audio Shootout" */;
			buildPhases = (
				8B52B86F29AA777900CCEEE1 /* Sources */,
				8B52B87029AA777900CCEEE1 /* Frameworks */,
				8B52B87129AA777900CCEEE1 /* Resources */,
			);
			buildRules = (
			);
			dependencies = (
			);
			name = "Audio Shootout";
			productName = "Audio Shootout";
			productReference = 8B52B87329AA777900CCEEE1 /* Audio Shootout.app */;
			productType = "com.apple.product-type.application";
		};
/* End PBXNativeTarget section */

/* Begin PBXProject section */
		8B52B86B29AA777900CCEEE1 /* Project object */ = {
			isa = PBXProject;
			attributes = {
				BuildIndependentTargetsInParallel = 1;
				LastSwiftUpdateCheck = 1340;
				LastUpgradeCheck = 1340;
				TargetAttributes = {
					8B52B87229AA777900CCEEE1 = {
						CreatedOnToolsVersion = 13.4.1;
					};
				};
			};
			buildConfigurationList = 8B52B86E29AA777900CCEEE1 /* Build configuration list for PBXProject "Audio Shootout" */;
			compatibilityVersion = "Xcode 13.0";
			developmentRegion = en;
			hasScannedForEncodings = 0;
			knownRegions = (
				en,
				Base,
			);
			mainGroup = 8B52B86A29AA777900CCEEE1;
			productRefGroup = 8B52B87429AA777900CCEEE1 /* Products */;
			projectDirPath = "";
			projectRoot = "";
			targets = (
				8B52B87229AA777900CCEEE1 /* Audio Shootout */,
			);
		};
/* End PBXProject section */

/* Begin PBXResourcesBuildPhase section */
		8B52B87129AA777900CCEEE1 /* Resources */ = {
			isa = PBXResourcesBuildPhase;
			buildActionMask = 2147483647;
			files = (
				8B52B87E29AA777B00CCEEE1 /* Preview Assets.xcassets in Resources */,
				8B52B87B29AA777B00CCEEE1 /* Assets.xcassets in Resources */,
			);
			runOnlyForDeploymentPostprocessing = 0;
		};
/* End PBXResourcesBuildPhase section */

/* Begin PBXSourcesBuildPhase section */
		8B52B86F29AA777900CCEEE1 /* Sources */ = {
			isa = PBXSourcesBuildPhase;
			buildActionMask = 2147483647;
			files = (
				8B52B89429AAB9BA00CCEEE1 /* AudioFile.swift in Sources */,
				8B52B88C29AA7E2200CCEEE1 /* ManagerView.swift in Sources */,
				8B52B88629AA7C1B00CCEEE1 /* UploadView.swift in Sources */,
				8B52B88A29AA7E1400CCEEE1 /* WaveformView.swift in Sources */,
				8B52B87929AA777900CCEEE1 /* ContentView.swift in Sources */,
				8B52B88829AA7E0700CCEEE1 /* TracklistView.swift in Sources */,
				8B52B87729AA777900CCEEE1 /* Audio_ShootoutApp.swift in Sources */,
				8B52B89029AA89F500CCEEE1 /* FileImporter.swift in Sources */,
				8B52B89229AAA12F00CCEEE1 /* FileManager.swift in Sources */,
			);
			runOnlyForDeploymentPostprocessing = 0;
		};
/* End PBXSourcesBuildPhase section */

/* Begin XCBuildConfiguration section */
		8B52B88029AA777B00CCEEE1 /* Debug */ = {
			isa = XCBuildConfiguration;
			buildSettings = {
				ALWAYS_SEARCH_USER_PATHS = NO;
				CLANG_ANALYZER_NONNULL = YES;
				CLANG_ANALYZER_NUMBER_OBJECT_CONVERSION = YES_AGGRESSIVE;
				CLANG_CXX_LANGUAGE_STANDARD = "gnu++17";
				CLANG_ENABLE_MODULES = YES;
				CLANG_ENABLE_OBJC_ARC = YES;
				CLANG_ENABLE_OBJC_WEAK = YES;
				CLANG_WARN_BLOCK_CAPTURE_AUTORELEASING = YES;
				CLANG_WARN_BOOL_CONVERSION = YES;
				CLANG_WARN_COMMA = YES;
				CLANG_WARN_CONSTANT_CONVERSION = YES;
				CLANG_WARN_DEPRECATED_OBJC_IMPLEMENTATIONS = YES;
				CLANG_WARN_DIRECT_OBJC_ISA_USAGE = YES_ERROR;
				CLANG_WARN_DOCUMENTATION_COMMENTS = YES;
				CLANG_WARN_EMPTY_BODY = YES;
				CLANG_WARN_ENUM_CONVERSION = YES;
				CLANG_WARN_INFINITE_RECURSION = YES;
				CLANG_WARN_INT_CONVERSION = YES;
				CLANG_WARN_NON_LITERAL_NULL_CONVERSION = YES;
				CLANG_WARN_OBJC_IMPLICIT_RETAIN_SELF = YES;
				CLANG_WARN_OBJC_LITERAL_CONVERSION = YES;
				CLANG_WARN_OBJC_ROOT_CLASS = YES_ERROR;
				CLANG_WARN_QUOTED_INCLUDE_IN_FRAMEWORK_HEADER = YES;
				CLANG_WARN_RANGE_LOOP_ANALYSIS = YES;
				CLANG_WARN_STRICT_PROTOTYPES = YES;
				CLANG_WARN_SUSPICIOUS_MOVE = YES;
				CLANG_WARN_UNGUARDED_AVAILABILITY = YES_AGGRESSIVE;
				CLANG_WARN_UNREACHABLE_CODE = YES;
				CLANG_WARN__DUPLICATE_METHOD_MATCH = YES;
				COPY_PHASE_STRIP = NO;
				DEBUG_INFORMATION_FORMAT = dwarf;
				ENABLE_STRICT_OBJC_MSGSEND = YES;
				ENABLE_TESTABILITY = YES;
				GCC_C_LANGUAGE_STANDARD = gnu11;
				GCC_DYNAMIC_NO_PIC = NO;
				GCC_NO_COMMON_BLOCKS = YES;
				GCC_OPTIMIZATION_LEVEL = 0;
				GCC_PREPROCESSOR_DEFINITIONS = (
					"DEBUG=1",
					"$(inherited)",
				);
				GCC_WARN_64_TO_32_BIT_CONVERSION = YES;
				GCC_WARN_ABOUT_RETURN_TYPE = YES_ERROR;
				GCC_WARN_UNDECLARED_SELECTOR = YES;
				GCC_WARN_UNINITIALIZED_AUTOS = YES_AGGRESSIVE;
				GCC_WARN_UNUSED_FUNCTION = YES;
				GCC_WARN_UNUSED_VARIABLE = YES;
				MACOSX_DEPLOYMENT_TARGET = 12.3;
				MTL_ENABLE_DEBUG_INFO = INCLUDE_SOURCE;
				MTL_FAST_MATH = YES;
				ONLY_ACTIVE_ARCH = YES;
				SDKROOT = macosx;
				SWIFT_ACTIVE_COMPILATION_CONDITIONS = DEBUG;
				SWIFT_OPTIMIZATION_LEVEL = "-Onone";
			};
			name = Debug;
		};
		8B52B88129AA777B00CCEEE1 /* Release */ = {
			isa = XCBuildConfiguration;
			buildSettings = {
				ALWAYS_SEARCH_USER_PATHS = NO;
				CLANG_ANALYZER_NONNULL = YES;
				CLANG_ANALYZER_NUMBER_OBJECT_CONVERSION = YES_AGGRESSIVE;
				CLANG_CXX_LANGUAGE_STANDARD = "gnu++17";
				CLANG_ENABLE_MODULES = YES;
				CLANG_ENABLE_OBJC_ARC = YES;
				CLANG_ENABLE_OBJC_WEAK = YES;
				CLANG_WARN_BLOCK_CAPTURE_AUTORELEASING = YES;
				CLANG_WARN_BOOL_CONVERSION = YES;
				CLANG_WARN_COMMA = YES;
				CLANG_WARN_CONSTANT_CONVERSION = YES;
				CLANG_WARN_DEPRECATED_OBJC_IMPLEMENTATIONS = YES;
				CLANG_WARN_DIRECT_OBJC_ISA_USAGE = YES_ERROR;
				CLANG_WARN_DOCUMENTATION_COMMENTS = YES;
				CLANG_WARN_EMPTY_BODY = YES;
				CLANG_WARN_ENUM_CONVERSION = YES;
				CLANG_WARN_INFINITE_RECURSION = YES;
				CLANG_WARN_INT_CONVERSION = YES;
				CLANG_WARN_NON_LITERAL_NULL_CONVERSION = YES;
				CLANG_WARN_OBJC_IMPLICIT_RETAIN_SELF = YES;
				CLANG_WARN_OBJC_LITERAL_CONVERSION = YES;
				CLANG_WARN_OBJC_ROOT_CLASS = YES_ERROR;
				CLANG_WARN_QUOTED_INCLUDE_IN_FRAMEWORK_HEADER = YES;
				CLANG_WARN_RANGE_LOOP_ANALYSIS = YES;
				CLANG_WARN_STRICT_PROTOTYPES = YES;
				CLANG_WARN_SUSPICIOUS_MOVE = YES;
				CLANG_WARN_UNGUARDED_AVAILABILITY = YES_AGGRESSIVE;
				CLANG_WARN_UNREACHABLE_CODE = YES;
				CLANG_WARN__DUPLICATE_METHOD_MATCH = YES;
				COPY_PHASE_STRIP = NO;
				DEBUG_INFORMATION_FORMAT = "dwarf-with-dsym";
				ENABLE_NS_ASSERTIONS = NO;
				ENABLE_STRICT_OBJC_MSGSEND = YES;
				GCC_C_LANGUAGE_STANDARD = gnu11;
				GCC_NO_COMMON_BLOCKS = YES;
				GCC_WARN_64_TO_32_BIT_CONVERSION = YES;
				GCC_WARN_ABOUT_RETURN_TYPE = YES_ERROR;
				GCC_WARN_UNDECLARED_SELECTOR = YES;
				GCC_WARN_UNINITIALIZED_AUTOS = YES_AGGRESSIVE;
				GCC_WARN_UNUSED_FUNCTION = YES;
				GCC_WARN_UNUSED_VARIABLE = YES;
				MACOSX_DEPLOYMENT_TARGET = 12.3;
				MTL_ENABLE_DEBUG_INFO = NO;
				MTL_FAST_MATH = YES;
				SDKROOT = macosx;
				SWIFT_COMPILATION_MODE = wholemodule;
				SWIFT_OPTIMIZATION_LEVEL = "-O";
			};
			name = Release;
		};
		8B52B88329AA777B00CCEEE1 /* Debug */ = {
			isa = XCBuildConfiguration;
			buildSettings = {
				ASSETCATALOG_COMPILER_APPICON_NAME = AppIcon;
				ASSETCATALOG_COMPILER_GLOBAL_ACCENT_COLOR_NAME = AccentColor;
				CODE_SIGN_ENTITLEMENTS = "Audio Shootout/Audio_Shootout.entitlements";
				CODE_SIGN_STYLE = Automatic;
				COMBINE_HIDPI_IMAGES = YES;
				CURRENT_PROJECT_VERSION = 1;
				DEVELOPMENT_ASSET_PATHS = "\"Audio Shootout/Preview Content\"";
				DEVELOPMENT_TEAM = XQ85664453;
				ENABLE_HARDENED_RUNTIME = YES;
				ENABLE_PREVIEWS = YES;
				GENERATE_INFOPLIST_FILE = YES;
				INFOPLIST_KEY_NSHumanReadableCopyright = "";
				LD_RUNPATH_SEARCH_PATHS = (
					"$(inherited)",
					"@executable_path/../Frameworks",
				);
				MARKETING_VERSION = 1.0;
				PRODUCT_BUNDLE_IDENTIFIER = "com.troopermusic.Audio-Shootout";
				PRODUCT_NAME = "$(TARGET_NAME)";
				SWIFT_EMIT_LOC_STRINGS = YES;
				SWIFT_VERSION = 5.0;
			};
			name = Debug;
		};
		8B52B88429AA777B00CCEEE1 /* Release */ = {
			isa = XCBuildConfiguration;
			buildSettings = {
				ASSETCATALOG_COMPILER_APPICON_NAME = AppIcon;
				ASSETCATALOG_COMPILER_GLOBAL_ACCENT_COLOR_NAME = AccentColor;
				CODE_SIGN_ENTITLEMENTS = "Audio Shootout/Audio_Shootout.entitlements";
				CODE_SIGN_STYLE = Automatic;
				COMBINE_HIDPI_IMAGES = YES;
				CURRENT_PROJECT_VERSION = 1;
				DEVELOPMENT_ASSET_PATHS = "\"Audio Shootout/Preview Content\"";
				DEVELOPMENT_TEAM = XQ85664453;
				ENABLE_HARDENED_RUNTIME = YES;
				ENABLE_PREVIEWS = YES;
				GENERATE_INFOPLIST_FILE = YES;
				INFOPLIST_KEY_NSHumanReadableCopyright = "";
				LD_RUNPATH_SEARCH_PATHS = (
					"$(inherited)",
					"@executable_path/../Frameworks",
				);
				MARKETING_VERSION = 1.0;
				PRODUCT_BUNDLE_IDENTIFIER = "com.troopermusic.Audio-Shootout";
				PRODUCT_NAME = "$(TARGET_NAME)";
				SWIFT_EMIT_LOC_STRINGS = YES;
				SWIFT_VERSION = 5.0;
			};
			name = Release;
		};
/* End XCBuildConfiguration section */

/* Begin XCConfigurationList section */
		8B52B86E29AA777900CCEEE1 /* Build configuration list for PBXProject "Audio Shootout" */ = {
			isa = XCConfigurationList;
			buildConfigurations = (
				8B52B88029AA777B00CCEEE1 /* Debug */,
				8B52B88129AA777B00CCEEE1 /* Release */,
			);
			defaultConfigurationIsVisible = 0;
			defaultConfigurationName = Release;
		};
		8B52B88229AA777B00CCEEE1 /* Build configuration list for PBXNativeTarget "Audio Shootout" */ = {
			isa = XCConfigurationList;
			buildConfigurations = (
				8B52B88329AA777B00CCEEE1 /* Debug */,
				8B52B88429AA777B00CCEEE1 /* Release */,
			);
			defaultConfigurationIsVisible = 0;
			defaultConfigurationName = Release;
		};
/* End XCConfigurationList section */
	};
	rootObject = 8B52B86B29AA777900CCEEE1 /* Project object */;
}
